
Microsoft Visual Studio Solution File, Format Version 12.00
# Visual Studio 14
VisualStudioVersion = 14.0.25420.1
MinimumVisualStudioVersion = 10.0.40219.1
Project("{FAE04EC0-301F-11D3-BF4B-00C04F79EFBC}") = "CookieKavrami", "CookieKavrami\CookieKavrami.csproj", "{B1493A61-4359-4277-BFC8-EF6B23C097E9}"
EndProject
Project("{FAE04EC0-301F-11D3-BF4B-00C04F79EFBC}") = "CookieDemo", "CookieDemo\CookieDemo.csproj", "{869298E6-B927-469B-8A21-CCD47C650869}"
EndProject
Global
	GlobalSection(SolutionConfigurationPlatforms) = preSolution
		Debug|Any CPU = Debug|Any CPU
		Release|Any CPU = Release|Any CPU
	EndGlobalSection
	GlobalSection(ProjectConfigurationPlatforms) = postSolution
		{B1493A61-4359-4277-BFC8-EF6B23C097E9}.Debug|Any CPU.ActiveCfg = Debug|Any CPU
		{B1493A61-4359-4277-BFC8-EF6B23C097E9}.Debug|Any CPU.Build.0 = Debug|Any CPU
		{B1493A61-4359-4277-BFC8-EF6B23C097E9}.Release|Any CPU.ActiveCfg = Release|Any CPU
		{B1493A61-4359-4277-BFC8-EF6B23C097E9}.Release|Any CPU.Build.0 = Release|Any CPU
		{869298E6-B927-469B-8A21-CCD47C650869}.Debug|Any CPU.ActiveCfg = Debug|Any CPU
		{869298E6-B927-469B-8A21-CCD47C650869}.Debug|Any CPU.Build.0 = Debug|Any CPU
		{869298E6-B927-469B-8A21-CCD47C650869}.Release|Any CPU.ActiveCfg = Release|Any CPU
		{869298E6-B927-469B-8A21-CCD47C650869}.Release|Any CPU.Build.0 = Release|Any CPU
	EndGlobalSection
	GlobalSection(SolutionProperties) = preSolution
		HideSolutionNode = FALSE
	EndGlobalSection
EndGlobal
